// !$*UTF8*$!
{
	archiveVersion = 1;
	classes = {
	};
	objectVersion = 55;
	objects = {

/* Begin PBXBuildFile section */
		F606B0FF287490C70044E8ED /* AppDelegate.swift in Sources */ = {isa = PBXBuildFile; fileRef = F606B0FE287490C70044E8ED /* AppDelegate.swift */; };
		F606B101287490C70044E8ED /* SceneDelegate.swift in Sources */ = {isa = PBXBuildFile; fileRef = F606B100287490C70044E8ED /* SceneDelegate.swift */; };
		F606B103287490C70044E8ED /* ViewController.swift in Sources */ = {isa = PBXBuildFile; fileRef = F606B102287490C70044E8ED /* ViewController.swift */; };
		F606B106287490C70044E8ED /* Main.storyboard in Resources */ = {isa = PBXBuildFile; fileRef = F606B104287490C70044E8ED /* Main.storyboard */; };
		F606B108287490CA0044E8ED /* Assets.xcassets in Resources */ = {isa = PBXBuildFile; fileRef = F606B107287490CA0044E8ED /* Assets.xcassets */; };
		F606B10B287490CA0044E8ED /* LaunchScreen.storyboard in Resources */ = {isa = PBXBuildFile; fileRef = F606B109287490CA0044E8ED /* LaunchScreen.storyboard */; };
		F60A338E2882C414002E0BB3 /* TableViewCellHomeRecommend.swift in Sources */ = {isa = PBXBuildFile; fileRef = F60A338C2882C414002E0BB3 /* TableViewCellHomeRecommend.swift */; };
		F60A338F2882C414002E0BB3 /* TableViewCellHomeRecommend.xib in Resources */ = {isa = PBXBuildFile; fileRef = F60A338D2882C414002E0BB3 /* TableViewCellHomeRecommend.xib */; };
		F60A33922882C685002E0BB3 /* CollectionViewCellHomeRecommend.swift in Sources */ = {isa = PBXBuildFile; fileRef = F60A33902882C685002E0BB3 /* CollectionViewCellHomeRecommend.swift */; };
		F60A33932882C685002E0BB3 /* CollectionViewCellHomeRecommend.xib in Resources */ = {isa = PBXBuildFile; fileRef = F60A33912882C685002E0BB3 /* CollectionViewCellHomeRecommend.xib */; };
		F62247F2287A1CE3009D598B /* ViewControllerOrderSize.swift in Sources */ = {isa = PBXBuildFile; fileRef = F62247F1287A1CE2009D598B /* ViewControllerOrderSize.swift */; };
		F62FB58E287B010000D519E5 /* ViewControllerOrderLogin.swift in Sources */ = {isa = PBXBuildFile; fileRef = F62FB58D287B010000D519E5 /* ViewControllerOrderLogin.swift */; };
		F62FB590287B385400D519E5 /* ViewControllerOrderLocation.swift in Sources */ = {isa = PBXBuildFile; fileRef = F62FB58F287B385400D519E5 /* ViewControllerOrderLocation.swift */; };
		F65763E72876EF8C00E7DF01 /* TableViewCellOrder.xib in Resources */ = {isa = PBXBuildFile; fileRef = F65763E62876EF8C00E7DF01 /* TableViewCellOrder.xib */; };
		F65763E92876F3DC00E7DF01 /* TableViewCellOrder.swift in Sources */ = {isa = PBXBuildFile; fileRef = F65763E82876F3DC00E7DF01 /* TableViewCellOrder.swift */; };
		F66D5DD228844D7D0068FC71 /* Order.swift in Sources */ = {isa = PBXBuildFile; fileRef = F66D5DD128844D7C0068FC71 /* Order.swift */; };
		F678CB6E2882D243007E3E9D /* HomeRecommend.swift in Sources */ = {isa = PBXBuildFile; fileRef = F678CB6D2882D243007E3E9D /* HomeRecommend.swift */; };
		F678CB712882DF9D007E3E9D /* TableViewCellHomeBanner.swift in Sources */ = {isa = PBXBuildFile; fileRef = F678CB6F2882DF9D007E3E9D /* TableViewCellHomeBanner.swift */; };
		F678CB722882DF9D007E3E9D /* TableViewCellHomeBanner.xib in Resources */ = {isa = PBXBuildFile; fileRef = F678CB702882DF9D007E3E9D /* TableViewCellHomeBanner.xib */; };
		F678CB74288311E8007E3E9D /* Banner.swift in Sources */ = {isa = PBXBuildFile; fileRef = F678CB73288311E8007E3E9D /* Banner.swift */; };
		F678CB7D288347EB007E3E9D /* CollectionViewCellHomeNew.swift in Sources */ = {isa = PBXBuildFile; fileRef = F678CB7B288347EB007E3E9D /* CollectionViewCellHomeNew.swift */; };
		F678CB7E288347EB007E3E9D /* CollectionViewCellHomeNew.xib in Resources */ = {isa = PBXBuildFile; fileRef = F678CB7C288347EB007E3E9D /* CollectionViewCellHomeNew.xib */; };
		F678CB8028834B98007E3E9D /* HomeNew.swift in Sources */ = {isa = PBXBuildFile; fileRef = F678CB7F28834B97007E3E9D /* HomeNew.swift */; };
		F678CB8328834F57007E3E9D /* TableViewCellHomeNew.swift in Sources */ = {isa = PBXBuildFile; fileRef = F678CB8128834F57007E3E9D /* TableViewCellHomeNew.swift */; };
		F678CB8428834F57007E3E9D /* TableViewCellHomeNew.xib in Resources */ = {isa = PBXBuildFile; fileRef = F678CB8228834F57007E3E9D /* TableViewCellHomeNew.xib */; };
		F678CB8628835D2A007E3E9D /* AddShadow.swift in Sources */ = {isa = PBXBuildFile; fileRef = F678CB8528835D2A007E3E9D /* AddShadow.swift */; };
		F6947C35287820C600E0F4C1 /* StoryboardOrder.storyboard in Resources */ = {isa = PBXBuildFile; fileRef = F6947C34287820C600E0F4C1 /* StoryboardOrder.storyboard */; };
		F6947C39287822A600E0F4C1 /* ViewControllerOrderMenu.swift in Sources */ = {isa = PBXBuildFile; fileRef = F6947C38287822A600E0F4C1 /* ViewControllerOrderMenu.swift */; };
		F69DFBE0287B48F80010B620 /* ViewControllerOrderLocation2.swift in Sources */ = {isa = PBXBuildFile; fileRef = F69DFBDF287B48F80010B620 /* ViewControllerOrderLocation2.swift */; };
		F69DFBE2287B6EBB0010B620 /* ViewControllerOrderPay.swift in Sources */ = {isa = PBXBuildFile; fileRef = F69DFBE1287B6EBB0010B620 /* ViewControllerOrderPay.swift */; };
		F69DFBE4287B9F0D0010B620 /* ViewControllerOrderPayResult.swift in Sources */ = {isa = PBXBuildFile; fileRef = F69DFBE3287B9F0D0010B620 /* ViewControllerOrderPayResult.swift */; };
		F6AA1F872875738600BFA115 /* ViewController2Pay.swift in Sources */ = {isa = PBXBuildFile; fileRef = F6AA1F862875738600BFA115 /* ViewController2Pay.swift */; };
		F6AA1F89287587B900BFA115 /* ViewControllerOrder.swift in Sources */ = {isa = PBXBuildFile; fileRef = F6AA1F88287587B900BFA115 /* ViewControllerOrder.swift */; };
		F6AA1F8B287587D200BFA115 /* ViewController4Gift.swift in Sources */ = {isa = PBXBuildFile; fileRef = F6AA1F8A287587D200BFA115 /* ViewController4Gift.swift */; };
		F6AA1F8D2875881400BFA115 /* ViewController5Other.swift in Sources */ = {isa = PBXBuildFile; fileRef = F6AA1F8C2875881400BFA115 /* ViewController5Other.swift */; };
		F6AA1F982875F13100BFA115 /* Pretendard-ExtraBold.otf in Resources */ = {isa = PBXBuildFile; fileRef = F6AA1F8F2875F12F00BFA115 /* Pretendard-ExtraBold.otf */; };
		F6AA1F992875F13100BFA115 /* Pretendard-Thin.otf in Resources */ = {isa = PBXBuildFile; fileRef = F6AA1F902875F12F00BFA115 /* Pretendard-Thin.otf */; };
		F6AA1F9A2875F13100BFA115 /* Pretendard-Medium.otf in Resources */ = {isa = PBXBuildFile; fileRef = F6AA1F912875F12F00BFA115 /* Pretendard-Medium.otf */; };
		F6AA1F9B2875F13100BFA115 /* Pretendard-Light.otf in Resources */ = {isa = PBXBuildFile; fileRef = F6AA1F922875F13000BFA115 /* Pretendard-Light.otf */; };
		F6AA1F9C2875F13100BFA115 /* Pretendard-Black.otf in Resources */ = {isa = PBXBuildFile; fileRef = F6AA1F932875F13000BFA115 /* Pretendard-Black.otf */; };
		F6AA1F9D2875F13100BFA115 /* Pretendard-SemiBold.otf in Resources */ = {isa = PBXBuildFile; fileRef = F6AA1F942875F13000BFA115 /* Pretendard-SemiBold.otf */; };
		F6AA1F9E2875F13100BFA115 /* Pretendard-Regular.otf in Resources */ = {isa = PBXBuildFile; fileRef = F6AA1F952875F13000BFA115 /* Pretendard-Regular.otf */; };
		F6AA1F9F2875F13100BFA115 /* Pretendard-Bold.otf in Resources */ = {isa = PBXBuildFile; fileRef = F6AA1F962875F13100BFA115 /* Pretendard-Bold.otf */; };
		F6AA1FA02875F13100BFA115 /* Pretendard-ExtraLight.otf in Resources */ = {isa = PBXBuildFile; fileRef = F6AA1F972875F13100BFA115 /* Pretendard-ExtraLight.otf */; };
		F6E4BB032881E0A60026DACB /* TabBarController.swift in Sources */ = {isa = PBXBuildFile; fileRef = F6E4BB022881E0A60026DACB /* TabBarController.swift */; };
		F6E4BB05288203430026DACB /* AddBorder.swift in Sources */ = {isa = PBXBuildFile; fileRef = F6E4BB04288203430026DACB /* AddBorder.swift */; };
		F6EA91AE28805A25007AF9D4 /* ViewControllerOrderCategory.swift in Sources */ = {isa = PBXBuildFile; fileRef = F6EA91AD28805A25007AF9D4 /* ViewControllerOrderCategory.swift */; };
		F6EA91B1288064F5007AF9D4 /* TableViewCellOrderCategory.swift in Sources */ = {isa = PBXBuildFile; fileRef = F6EA91AF288064F5007AF9D4 /* TableViewCellOrderCategory.swift */; };
		F6EA91B2288064F5007AF9D4 /* TableViewCellOrderCategory.xib in Resources */ = {isa = PBXBuildFile; fileRef = F6EA91B0288064F5007AF9D4 /* TableViewCellOrderCategory.xib */; };
		F6EA91B4288070CA007AF9D4 /* NumberFormatter.swift in Sources */ = {isa = PBXBuildFile; fileRef = F6EA91B3288070CA007AF9D4 /* NumberFormatter.swift */; };
/* End PBXBuildFile section */

/* Begin PBXFileReference section */
		F606B0FB287490C70044E8ED /* CloneCoding_Starbucks.app */ = {isa = PBXFileReference; explicitFileType = wrapper.application; includeInIndex = 0; path = CloneCoding_Starbucks.app; sourceTree = BUILT_PRODUCTS_DIR; };
		F606B0FE287490C70044E8ED /* AppDelegate.swift */ = {isa = PBXFileReference; lastKnownFileType = sourcecode.swift; path = AppDelegate.swift; sourceTree = "<group>"; };
		F606B100287490C70044E8ED /* SceneDelegate.swift */ = {isa = PBXFileReference; lastKnownFileType = sourcecode.swift; path = SceneDelegate.swift; sourceTree = "<group>"; };
		F606B102287490C70044E8ED /* ViewController.swift */ = {isa = PBXFileReference; lastKnownFileType = sourcecode.swift; path = ViewController.swift; sourceTree = "<group>"; };
		F606B105287490C70044E8ED /* Base */ = {isa = PBXFileReference; lastKnownFileType = file.storyboard; name = Base; path = Base.lproj/Main.storyboard; sourceTree = "<group>"; };
		F606B107287490CA0044E8ED /* Assets.xcassets */ = {isa = PBXFileReference; lastKnownFileType = folder.assetcatalog; path = Assets.xcassets; sourceTree = "<group>"; };
		F606B10A287490CA0044E8ED /* Base */ = {isa = PBXFileReference; lastKnownFileType = file.storyboard; name = Base; path = Base.lproj/LaunchScreen.storyboard; sourceTree = "<group>"; };
		F606B10C287490CA0044E8ED /* Info.plist */ = {isa = PBXFileReference; lastKnownFileType = text.plist.xml; path = Info.plist; sourceTree = "<group>"; };
		F60A338C2882C414002E0BB3 /* TableViewCellHomeRecommend.swift */ = {isa = PBXFileReference; lastKnownFileType = sourcecode.swift; path = TableViewCellHomeRecommend.swift; sourceTree = "<group>"; };
		F60A338D2882C414002E0BB3 /* TableViewCellHomeRecommend.xib */ = {isa = PBXFileReference; lastKnownFileType = file.xib; path = TableViewCellHomeRecommend.xib; sourceTree = "<group>"; };
		F60A33902882C685002E0BB3 /* CollectionViewCellHomeRecommend.swift */ = {isa = PBXFileReference; lastKnownFileType = sourcecode.swift; path = CollectionViewCellHomeRecommend.swift; sourceTree = "<group>"; };
		F60A33912882C685002E0BB3 /* CollectionViewCellHomeRecommend.xib */ = {isa = PBXFileReference; lastKnownFileType = file.xib; path = CollectionViewCellHomeRecommend.xib; sourceTree = "<group>"; };
		F62247F1287A1CE2009D598B /* ViewControllerOrderSize.swift */ = {isa = PBXFileReference; lastKnownFileType = sourcecode.swift; path = ViewControllerOrderSize.swift; sourceTree = "<group>"; };
		F62FB58D287B010000D519E5 /* ViewControllerOrderLogin.swift */ = {isa = PBXFileReference; lastKnownFileType = sourcecode.swift; path = ViewControllerOrderLogin.swift; sourceTree = "<group>"; };
		F62FB58F287B385400D519E5 /* ViewControllerOrderLocation.swift */ = {isa = PBXFileReference; lastKnownFileType = sourcecode.swift; path = ViewControllerOrderLocation.swift; sourceTree = "<group>"; };
		F65763E62876EF8C00E7DF01 /* TableViewCellOrder.xib */ = {isa = PBXFileReference; lastKnownFileType = file.xib; path = TableViewCellOrder.xib; sourceTree = "<group>"; };
		F65763E82876F3DC00E7DF01 /* TableViewCellOrder.swift */ = {isa = PBXFileReference; lastKnownFileType = sourcecode.swift; path = TableViewCellOrder.swift; sourceTree = "<group>"; };
		F66D5DD128844D7C0068FC71 /* Order.swift */ = {isa = PBXFileReference; lastKnownFileType = sourcecode.swift; path = Order.swift; sourceTree = "<group>"; };
		F678CB6D2882D243007E3E9D /* HomeRecommend.swift */ = {isa = PBXFileReference; lastKnownFileType = sourcecode.swift; path = HomeRecommend.swift; sourceTree = "<group>"; };
		F678CB6F2882DF9D007E3E9D /* TableViewCellHomeBanner.swift */ = {isa = PBXFileReference; lastKnownFileType = sourcecode.swift; path = TableViewCellHomeBanner.swift; sourceTree = "<group>"; };
		F678CB702882DF9D007E3E9D /* TableViewCellHomeBanner.xib */ = {isa = PBXFileReference; lastKnownFileType = file.xib; path = TableViewCellHomeBanner.xib; sourceTree = "<group>"; };
		F678CB73288311E8007E3E9D /* Banner.swift */ = {isa = PBXFileReference; lastKnownFileType = sourcecode.swift; path = Banner.swift; sourceTree = "<group>"; };
		F678CB7B288347EB007E3E9D /* CollectionViewCellHomeNew.swift */ = {isa = PBXFileReference; lastKnownFileType = sourcecode.swift; path = CollectionViewCellHomeNew.swift; sourceTree = "<group>"; };
		F678CB7C288347EB007E3E9D /* CollectionViewCellHomeNew.xib */ = {isa = PBXFileReference; lastKnownFileType = file.xib; path = CollectionViewCellHomeNew.xib; sourceTree = "<group>"; };
		F678CB7F28834B97007E3E9D /* HomeNew.swift */ = {isa = PBXFileReference; lastKnownFileType = sourcecode.swift; path = HomeNew.swift; sourceTree = "<group>"; };
		F678CB8128834F57007E3E9D /* TableViewCellHomeNew.swift */ = {isa = PBXFileReference; lastKnownFileType = sourcecode.swift; path = TableViewCellHomeNew.swift; sourceTree = "<group>"; };
		F678CB8228834F57007E3E9D /* TableViewCellHomeNew.xib */ = {isa = PBXFileReference; lastKnownFileType = file.xib; path = TableViewCellHomeNew.xib; sourceTree = "<group>"; };
		F678CB8528835D2A007E3E9D /* AddShadow.swift */ = {isa = PBXFileReference; lastKnownFileType = sourcecode.swift; path = AddShadow.swift; sourceTree = "<group>"; };
		F6947C34287820C600E0F4C1 /* StoryboardOrder.storyboard */ = {isa = PBXFileReference; lastKnownFileType = file.storyboard; path = StoryboardOrder.storyboard; sourceTree = "<group>"; };
		F6947C38287822A600E0F4C1 /* ViewControllerOrderMenu.swift */ = {isa = PBXFileReference; lastKnownFileType = sourcecode.swift; path = ViewControllerOrderMenu.swift; sourceTree = "<group>"; };
		F69DFBDF287B48F80010B620 /* ViewControllerOrderLocation2.swift */ = {isa = PBXFileReference; lastKnownFileType = sourcecode.swift; path = ViewControllerOrderLocation2.swift; sourceTree = "<group>"; };
		F69DFBE1287B6EBB0010B620 /* ViewControllerOrderPay.swift */ = {isa = PBXFileReference; lastKnownFileType = sourcecode.swift; path = ViewControllerOrderPay.swift; sourceTree = "<group>"; };
		F69DFBE3287B9F0D0010B620 /* ViewControllerOrderPayResult.swift */ = {isa = PBXFileReference; lastKnownFileType = sourcecode.swift; path = ViewControllerOrderPayResult.swift; sourceTree = "<group>"; };
		F6AA1F862875738600BFA115 /* ViewController2Pay.swift */ = {isa = PBXFileReference; lastKnownFileType = sourcecode.swift; path = ViewController2Pay.swift; sourceTree = "<group>"; };
		F6AA1F88287587B900BFA115 /* ViewControllerOrder.swift */ = {isa = PBXFileReference; lastKnownFileType = sourcecode.swift; path = ViewControllerOrder.swift; sourceTree = "<group>"; };
		F6AA1F8A287587D200BFA115 /* ViewController4Gift.swift */ = {isa = PBXFileReference; lastKnownFileType = sourcecode.swift; path = ViewController4Gift.swift; sourceTree = "<group>"; };
		F6AA1F8C2875881400BFA115 /* ViewController5Other.swift */ = {isa = PBXFileReference; lastKnownFileType = sourcecode.swift; path = ViewController5Other.swift; sourceTree = "<group>"; };
		F6AA1F8F2875F12F00BFA115 /* Pretendard-ExtraBold.otf */ = {isa = PBXFileReference; lastKnownFileType = file; path = "Pretendard-ExtraBold.otf"; sourceTree = "<group>"; };
		F6AA1F902875F12F00BFA115 /* Pretendard-Thin.otf */ = {isa = PBXFileReference; lastKnownFileType = file; path = "Pretendard-Thin.otf"; sourceTree = "<group>"; };
		F6AA1F912875F12F00BFA115 /* Pretendard-Medium.otf */ = {isa = PBXFileReference; lastKnownFileType = file; path = "Pretendard-Medium.otf"; sourceTree = "<group>"; };
		F6AA1F922875F13000BFA115 /* Pretendard-Light.otf */ = {isa = PBXFileReference; lastKnownFileType = file; path = "Pretendard-Light.otf"; sourceTree = "<group>"; };
		F6AA1F932875F13000BFA115 /* Pretendard-Black.otf */ = {isa = PBXFileReference; lastKnownFileType = file; path = "Pretendard-Black.otf"; sourceTree = "<group>"; };
		F6AA1F942875F13000BFA115 /* Pretendard-SemiBold.otf */ = {isa = PBXFileReference; lastKnownFileType = file; path = "Pretendard-SemiBold.otf"; sourceTree = "<group>"; };
		F6AA1F952875F13000BFA115 /* Pretendard-Regular.otf */ = {isa = PBXFileReference; lastKnownFileType = file; path = "Pretendard-Regular.otf"; sourceTree = "<group>"; };
		F6AA1F962875F13100BFA115 /* Pretendard-Bold.otf */ = {isa = PBXFileReference; lastKnownFileType = file; path = "Pretendard-Bold.otf"; sourceTree = "<group>"; };
		F6AA1F972875F13100BFA115 /* Pretendard-ExtraLight.otf */ = {isa = PBXFileReference; lastKnownFileType = file; path = "Pretendard-ExtraLight.otf"; sourceTree = "<group>"; };
		F6E4BB022881E0A60026DACB /* TabBarController.swift */ = {isa = PBXFileReference; lastKnownFileType = sourcecode.swift; path = TabBarController.swift; sourceTree = "<group>"; };
		F6E4BB04288203430026DACB /* AddBorder.swift */ = {isa = PBXFileReference; lastKnownFileType = sourcecode.swift; path = AddBorder.swift; sourceTree = "<group>"; };
		F6EA91AD28805A25007AF9D4 /* ViewControllerOrderCategory.swift */ = {isa = PBXFileReference; lastKnownFileType = sourcecode.swift; path = ViewControllerOrderCategory.swift; sourceTree = "<group>"; };
		F6EA91AF288064F5007AF9D4 /* TableViewCellOrderCategory.swift */ = {isa = PBXFileReference; lastKnownFileType = sourcecode.swift; path = TableViewCellOrderCategory.swift; sourceTree = "<group>"; };
		F6EA91B0288064F5007AF9D4 /* TableViewCellOrderCategory.xib */ = {isa = PBXFileReference; lastKnownFileType = file.xib; path = TableViewCellOrderCategory.xib; sourceTree = "<group>"; };
		F6EA91B3288070CA007AF9D4 /* NumberFormatter.swift */ = {isa = PBXFileReference; lastKnownFileType = sourcecode.swift; path = NumberFormatter.swift; sourceTree = "<group>"; };
/* End PBXFileReference section */

/* Begin PBXFrameworksBuildPhase section */
		F606B0F8287490C70044E8ED /* Frameworks */ = {
			isa = PBXFrameworksBuildPhase;
			buildActionMask = 2147483647;
			files = (
			);
			runOnlyForDeploymentPostprocessing = 0;
		};
/* End PBXFrameworksBuildPhase section */

/* Begin PBXGroup section */
		F606B0F2287490C60044E8ED = {
			isa = PBXGroup;
			children = (
				F606B0FD287490C70044E8ED /* CloneCoding_Starbucks */,
				F606B0FC287490C70044E8ED /* Products */,
			);
			sourceTree = "<group>";
		};
		F606B0FC287490C70044E8ED /* Products */ = {
			isa = PBXGroup;
			children = (
				F606B0FB287490C70044E8ED /* CloneCoding_Starbucks.app */,
			);
			name = Products;
			sourceTree = "<group>";
		};
		F606B0FD287490C70044E8ED /* CloneCoding_Starbucks */ = {
			isa = PBXGroup;
			children = (
				F6AA1F8E2875F03600BFA115 /* Font */,
				F606B109287490CA0044E8ED /* LaunchScreen.storyboard */,
				F606B0FE287490C70044E8ED /* AppDelegate.swift */,
				F606B100287490C70044E8ED /* SceneDelegate.swift */,
				F606B107287490CA0044E8ED /* Assets.xcassets */,
				F606B10C287490CA0044E8ED /* Info.plist */,
				F6EA91B3288070CA007AF9D4 /* NumberFormatter.swift */,
				F6E4BB04288203430026DACB /* AddBorder.swift */,
				F678CB8528835D2A007E3E9D /* AddShadow.swift */,
				F678CB7A28834505007E3E9D /* Data */,
				F6947C362878220100E0F4C1 /* Main */,
				F6947C372878222700E0F4C1 /* Order */,
			);
			path = CloneCoding_Starbucks;
			sourceTree = "<group>";
		};
		F60A338B2882C396002E0BB3 /* TableView */ = {
			isa = PBXGroup;
			children = (
				F678CB702882DF9D007E3E9D /* TableViewCellHomeBanner.xib */,
				F678CB6F2882DF9D007E3E9D /* TableViewCellHomeBanner.swift */,
				F60A338D2882C414002E0BB3 /* TableViewCellHomeRecommend.xib */,
				F60A338C2882C414002E0BB3 /* TableViewCellHomeRecommend.swift */,
				F678CB8228834F57007E3E9D /* TableViewCellHomeNew.xib */,
				F678CB8128834F57007E3E9D /* TableViewCellHomeNew.swift */,
				F60A33942882C68E002E0BB3 /* CollectionView */,
			);
			path = TableView;
			sourceTree = "<group>";
		};
		F60A33942882C68E002E0BB3 /* CollectionView */ = {
			isa = PBXGroup;
			children = (
				F60A33912882C685002E0BB3 /* CollectionViewCellHomeRecommend.xib */,
				F60A33902882C685002E0BB3 /* CollectionViewCellHomeRecommend.swift */,
				F678CB7C288347EB007E3E9D /* CollectionViewCellHomeNew.xib */,
				F678CB7B288347EB007E3E9D /* CollectionViewCellHomeNew.swift */,
			);
			path = CollectionView;
			sourceTree = "<group>";
		};
		F678CB7A28834505007E3E9D /* Data */ = {
			isa = PBXGroup;
			children = (
				F678CB6D2882D243007E3E9D /* HomeRecommend.swift */,
				F678CB7F28834B97007E3E9D /* HomeNew.swift */,
				F678CB73288311E8007E3E9D /* Banner.swift */,
				F66D5DD128844D7C0068FC71 /* Order.swift */,
			);
			path = Data;
			sourceTree = "<group>";
		};
		F6947C362878220100E0F4C1 /* Main */ = {
			isa = PBXGroup;
			children = (
				F606B104287490C70044E8ED /* Main.storyboard */,
				F606B102287490C70044E8ED /* ViewController.swift */,
				F6AA1F862875738600BFA115 /* ViewController2Pay.swift */,
				F6AA1F8A287587D200BFA115 /* ViewController4Gift.swift */,
				F6AA1F8C2875881400BFA115 /* ViewController5Other.swift */,
				F6E4BB022881E0A60026DACB /* TabBarController.swift */,
				F60A338B2882C396002E0BB3 /* TableView */,
			);
			path = Main;
			sourceTree = "<group>";
		};
		F6947C372878222700E0F4C1 /* Order */ = {
			isa = PBXGroup;
			children = (
				F6947C34287820C600E0F4C1 /* StoryboardOrder.storyboard */,
				F6AA1F88287587B900BFA115 /* ViewControllerOrder.swift */,
				F6EA91AD28805A25007AF9D4 /* ViewControllerOrderCategory.swift */,
				F6947C38287822A600E0F4C1 /* ViewControllerOrderMenu.swift */,
				F62247F1287A1CE2009D598B /* ViewControllerOrderSize.swift */,
				F62FB58D287B010000D519E5 /* ViewControllerOrderLogin.swift */,
				F62FB58F287B385400D519E5 /* ViewControllerOrderLocation.swift */,
				F69DFBDF287B48F80010B620 /* ViewControllerOrderLocation2.swift */,
				F69DFBE1287B6EBB0010B620 /* ViewControllerOrderPay.swift */,
				F69DFBE3287B9F0D0010B620 /* ViewControllerOrderPayResult.swift */,
				F6D20E3228802AFF003B65F2 /* TableView */,
			);
			path = Order;
			sourceTree = "<group>";
		};
		F6AA1F8E2875F03600BFA115 /* Font */ = {
			isa = PBXGroup;
			children = (
				F6AA1F932875F13000BFA115 /* Pretendard-Black.otf */,
				F6AA1F962875F13100BFA115 /* Pretendard-Bold.otf */,
				F6AA1F8F2875F12F00BFA115 /* Pretendard-ExtraBold.otf */,
				F6AA1F972875F13100BFA115 /* Pretendard-ExtraLight.otf */,
				F6AA1F922875F13000BFA115 /* Pretendard-Light.otf */,
				F6AA1F912875F12F00BFA115 /* Pretendard-Medium.otf */,
				F6AA1F952875F13000BFA115 /* Pretendard-Regular.otf */,
				F6AA1F942875F13000BFA115 /* Pretendard-SemiBold.otf */,
				F6AA1F902875F12F00BFA115 /* Pretendard-Thin.otf */,
			);
			path = Font;
			sourceTree = "<group>";
		};
		F6D20E3228802AFF003B65F2 /* TableView */ = {
			isa = PBXGroup;
			children = (
				F65763E62876EF8C00E7DF01 /* TableViewCellOrder.xib */,
				F65763E82876F3DC00E7DF01 /* TableViewCellOrder.swift */,
				F6EA91B0288064F5007AF9D4 /* TableViewCellOrderCategory.xib */,
				F6EA91AF288064F5007AF9D4 /* TableViewCellOrderCategory.swift */,
			);
			path = TableView;
			sourceTree = "<group>";
		};
/* End PBXGroup section */

/* Begin PBXNativeTarget section */
		F606B0FA287490C70044E8ED /* CloneCoding_Starbucks */ = {
			isa = PBXNativeTarget;
			buildConfigurationList = F606B10F287490CA0044E8ED /* Build configuration list for PBXNativeTarget "CloneCoding_Starbucks" */;
			buildPhases = (
				F606B0F7287490C70044E8ED /* Sources */,
				F606B0F8287490C70044E8ED /* Frameworks */,
				F606B0F9287490C70044E8ED /* Resources */,
			);
			buildRules = (
			);
			dependencies = (
			);
			name = CloneCoding_Starbucks;
			productName = CloneCoding_Starbucks;
			productReference = F606B0FB287490C70044E8ED /* CloneCoding_Starbucks.app */;
			productType = "com.apple.product-type.application";
		};
/* End PBXNativeTarget section */

/* Begin PBXProject section */
		F606B0F3287490C60044E8ED /* Project object */ = {
			isa = PBXProject;
			attributes = {
				BuildIndependentTargetsInParallel = 1;
				LastSwiftUpdateCheck = 1340;
				LastUpgradeCheck = 1340;
				TargetAttributes = {
					F606B0FA287490C70044E8ED = {
						CreatedOnToolsVersion = 13.4;
					};
				};
			};
			buildConfigurationList = F606B0F6287490C60044E8ED /* Build configuration list for PBXProject "CloneCoding_Starbucks" */;
			compatibilityVersion = "Xcode 13.0";
			developmentRegion = en;
			hasScannedForEncodings = 0;
			knownRegions = (
				en,
				Base,
			);
			mainGroup = F606B0F2287490C60044E8ED;
			productRefGroup = F606B0FC287490C70044E8ED /* Products */;
			projectDirPath = "";
			projectRoot = "";
			targets = (
				F606B0FA287490C70044E8ED /* CloneCoding_Starbucks */,
			);
		};
/* End PBXProject section */

/* Begin PBXResourcesBuildPhase section */
		F606B0F9287490C70044E8ED /* Resources */ = {
			isa = PBXResourcesBuildPhase;
			buildActionMask = 2147483647;
			files = (
				F6AA1F9F2875F13100BFA115 /* Pretendard-Bold.otf in Resources */,
				F606B10B287490CA0044E8ED /* LaunchScreen.storyboard in Resources */,
				F60A338F2882C414002E0BB3 /* TableViewCellHomeRecommend.xib in Resources */,
				F678CB8428834F57007E3E9D /* TableViewCellHomeNew.xib in Resources */,
				F65763E72876EF8C00E7DF01 /* TableViewCellOrder.xib in Resources */,
				F6AA1F992875F13100BFA115 /* Pretendard-Thin.otf in Resources */,
				F606B108287490CA0044E8ED /* Assets.xcassets in Resources */,
				F6EA91B2288064F5007AF9D4 /* TableViewCellOrderCategory.xib in Resources */,
				F60A33932882C685002E0BB3 /* CollectionViewCellHomeRecommend.xib in Resources */,
				F678CB7E288347EB007E3E9D /* CollectionViewCellHomeNew.xib in Resources */,
				F6AA1F982875F13100BFA115 /* Pretendard-ExtraBold.otf in Resources */,
				F6AA1F9B2875F13100BFA115 /* Pretendard-Light.otf in Resources */,
				F6AA1FA02875F13100BFA115 /* Pretendard-ExtraLight.otf in Resources */,
				F606B106287490C70044E8ED /* Main.storyboard in Resources */,
				F6AA1F9D2875F13100BFA115 /* Pretendard-SemiBold.otf in Resources */,
				F6AA1F9E2875F13100BFA115 /* Pretendard-Regular.otf in Resources */,
				F678CB722882DF9D007E3E9D /* TableViewCellHomeBanner.xib in Resources */,
				F6AA1F9C2875F13100BFA115 /* Pretendard-Black.otf in Resources */,
				F6947C35287820C600E0F4C1 /* StoryboardOrder.storyboard in Resources */,
				F6AA1F9A2875F13100BFA115 /* Pretendard-Medium.otf in Resources */,
			);
			runOnlyForDeploymentPostprocessing = 0;
		};
/* End PBXResourcesBuildPhase section */

/* Begin PBXSourcesBuildPhase section */
		F606B0F7287490C70044E8ED /* Sources */ = {
			isa = PBXSourcesBuildPhase;
			buildActionMask = 2147483647;
			files = (
				F6AA1F89287587B900BFA115 /* ViewControllerOrder.swift in Sources */,
				F69DFBE4287B9F0D0010B620 /* ViewControllerOrderPayResult.swift in Sources */,
				F678CB712882DF9D007E3E9D /* TableViewCellHomeBanner.swift in Sources */,
				F678CB6E2882D243007E3E9D /* HomeRecommend.swift in Sources */,
				F62247F2287A1CE3009D598B /* ViewControllerOrderSize.swift in Sources */,
				F6AA1F8D2875881400BFA115 /* ViewController5Other.swift in Sources */,
				F678CB8028834B98007E3E9D /* HomeNew.swift in Sources */,
				F678CB8328834F57007E3E9D /* TableViewCellHomeNew.swift in Sources */,
				F606B103287490C70044E8ED /* ViewController.swift in Sources */,
				F6AA1F8B287587D200BFA115 /* ViewController4Gift.swift in Sources */,
				F606B0FF287490C70044E8ED /* AppDelegate.swift in Sources */,
				F6EA91B4288070CA007AF9D4 /* NumberFormatter.swift in Sources */,
				F66D5DD228844D7D0068FC71 /* Order.swift in Sources */,
				F69DFBE2287B6EBB0010B620 /* ViewControllerOrderPay.swift in Sources */,
				F6E4BB05288203430026DACB /* AddBorder.swift in Sources */,
				F60A338E2882C414002E0BB3 /* TableViewCellHomeRecommend.swift in Sources */,
				F6E4BB032881E0A60026DACB /* TabBarController.swift in Sources */,
				F606B101287490C70044E8ED /* SceneDelegate.swift in Sources */,
				F65763E92876F3DC00E7DF01 /* TableViewCellOrder.swift in Sources */,
				F69DFBE0287B48F80010B620 /* ViewControllerOrderLocation2.swift in Sources */,
				F62FB590287B385400D519E5 /* ViewControllerOrderLocation.swift in Sources */,
				F62FB58E287B010000D519E5 /* ViewControllerOrderLogin.swift in Sources */,
				F6AA1F872875738600BFA115 /* ViewController2Pay.swift in Sources */,
				F678CB7D288347EB007E3E9D /* CollectionViewCellHomeNew.swift in Sources */,
				F60A33922882C685002E0BB3 /* CollectionViewCellHomeRecommend.swift in Sources */,
				F6EA91B1288064F5007AF9D4 /* TableViewCellOrderCategory.swift in Sources */,
				F678CB8628835D2A007E3E9D /* AddShadow.swift in Sources */,
				F678CB74288311E8007E3E9D /* Banner.swift in Sources */,
				F6947C39287822A600E0F4C1 /* ViewControllerOrderMenu.swift in Sources */,
				F6EA91AE28805A25007AF9D4 /* ViewControllerOrderCategory.swift in Sources */,
			);
			runOnlyForDeploymentPostprocessing = 0;
		};
/* End PBXSourcesBuildPhase section */

/* Begin PBXVariantGroup section */
		F606B104287490C70044E8ED /* Main.storyboard */ = {
			isa = PBXVariantGroup;
			children = (
				F606B105287490C70044E8ED /* Base */,
			);
			name = Main.storyboard;
			sourceTree = "<group>";
		};
		F606B109287490CA0044E8ED /* LaunchScreen.storyboard */ = {
			isa = PBXVariantGroup;
			children = (
				F606B10A287490CA0044E8ED /* Base */,
			);
			name = LaunchScreen.storyboard;
			sourceTree = "<group>";
		};
/* End PBXVariantGroup section */

/* Begin XCBuildConfiguration section */
		F606B10D287490CA0044E8ED /* Debug */ = {
			isa = XCBuildConfiguration;
			buildSettings = {
				ALWAYS_SEARCH_USER_PATHS = NO;
				CLANG_ANALYZER_NONNULL = YES;
				CLANG_ANALYZER_NUMBER_OBJECT_CONVERSION = YES_AGGRESSIVE;
				CLANG_CXX_LANGUAGE_STANDARD = "gnu++17";
				CLANG_ENABLE_MODULES = YES;
				CLANG_ENABLE_OBJC_ARC = YES;
				CLANG_ENABLE_OBJC_WEAK = YES;
				CLANG_WARN_BLOCK_CAPTURE_AUTORELEASING = YES;
				CLANG_WARN_BOOL_CONVERSION = YES;
				CLANG_WARN_COMMA = YES;
				CLANG_WARN_CONSTANT_CONVERSION = YES;
				CLANG_WARN_DEPRECATED_OBJC_IMPLEMENTATIONS = YES;
				CLANG_WARN_DIRECT_OBJC_ISA_USAGE = YES_ERROR;
				CLANG_WARN_DOCUMENTATION_COMMENTS = YES;
				CLANG_WARN_EMPTY_BODY = YES;
				CLANG_WARN_ENUM_CONVERSION = YES;
				CLANG_WARN_INFINITE_RECURSION = YES;
				CLANG_WARN_INT_CONVERSION = YES;
				CLANG_WARN_NON_LITERAL_NULL_CONVERSION = YES;
				CLANG_WARN_OBJC_IMPLICIT_RETAIN_SELF = YES;
				CLANG_WARN_OBJC_LITERAL_CONVERSION = YES;
				CLANG_WARN_OBJC_ROOT_CLASS = YES_ERROR;
				CLANG_WARN_QUOTED_INCLUDE_IN_FRAMEWORK_HEADER = YES;
				CLANG_WARN_RANGE_LOOP_ANALYSIS = YES;
				CLANG_WARN_STRICT_PROTOTYPES = YES;
				CLANG_WARN_SUSPICIOUS_MOVE = YES;
				CLANG_WARN_UNGUARDED_AVAILABILITY = YES_AGGRESSIVE;
				CLANG_WARN_UNREACHABLE_CODE = YES;
				CLANG_WARN__DUPLICATE_METHOD_MATCH = YES;
				COPY_PHASE_STRIP = NO;
				DEBUG_INFORMATION_FORMAT = dwarf;
				ENABLE_STRICT_OBJC_MSGSEND = YES;
				ENABLE_TESTABILITY = YES;
				GCC_C_LANGUAGE_STANDARD = gnu11;
				GCC_DYNAMIC_NO_PIC = NO;
				GCC_NO_COMMON_BLOCKS = YES;
				GCC_OPTIMIZATION_LEVEL = 0;
				GCC_PREPROCESSOR_DEFINITIONS = (
					"DEBUG=1",
					"$(inherited)",
				);
				GCC_WARN_64_TO_32_BIT_CONVERSION = YES;
				GCC_WARN_ABOUT_RETURN_TYPE = YES_ERROR;
				GCC_WARN_UNDECLARED_SELECTOR = YES;
				GCC_WARN_UNINITIALIZED_AUTOS = YES_AGGRESSIVE;
				GCC_WARN_UNUSED_FUNCTION = YES;
				GCC_WARN_UNUSED_VARIABLE = YES;
				IPHONEOS_DEPLOYMENT_TARGET = 15.5;
				MTL_ENABLE_DEBUG_INFO = INCLUDE_SOURCE;
				MTL_FAST_MATH = YES;
				ONLY_ACTIVE_ARCH = YES;
				SDKROOT = iphoneos;
				SWIFT_ACTIVE_COMPILATION_CONDITIONS = DEBUG;
				SWIFT_OPTIMIZATION_LEVEL = "-Onone";
			};
			name = Debug;
		};
		F606B10E287490CA0044E8ED /* Release */ = {
			isa = XCBuildConfiguration;
			buildSettings = {
				ALWAYS_SEARCH_USER_PATHS = NO;
				CLANG_ANALYZER_NONNULL = YES;
				CLANG_ANALYZER_NUMBER_OBJECT_CONVERSION = YES_AGGRESSIVE;
				CLANG_CXX_LANGUAGE_STANDARD = "gnu++17";
				CLANG_ENABLE_MODULES = YES;
				CLANG_ENABLE_OBJC_ARC = YES;
				CLANG_ENABLE_OBJC_WEAK = YES;
				CLANG_WARN_BLOCK_CAPTURE_AUTORELEASING = YES;
				CLANG_WARN_BOOL_CONVERSION = YES;
				CLANG_WARN_COMMA = YES;
				CLANG_WARN_CONSTANT_CONVERSION = YES;
				CLANG_WARN_DEPRECATED_OBJC_IMPLEMENTATIONS = YES;
				CLANG_WARN_DIRECT_OBJC_ISA_USAGE = YES_ERROR;
				CLANG_WARN_DOCUMENTATION_COMMENTS = YES;
				CLANG_WARN_EMPTY_BODY = YES;
				CLANG_WARN_ENUM_CONVERSION = YES;
				CLANG_WARN_INFINITE_RECURSION = YES;
				CLANG_WARN_INT_CONVERSION = YES;
				CLANG_WARN_NON_LITERAL_NULL_CONVERSION = YES;
				CLANG_WARN_OBJC_IMPLICIT_RETAIN_SELF = YES;
				CLANG_WARN_OBJC_LITERAL_CONVERSION = YES;
				CLANG_WARN_OBJC_ROOT_CLASS = YES_ERROR;
				CLANG_WARN_QUOTED_INCLUDE_IN_FRAMEWORK_HEADER = YES;
				CLANG_WARN_RANGE_LOOP_ANALYSIS = YES;
				CLANG_WARN_STRICT_PROTOTYPES = YES;
				CLANG_WARN_SUSPICIOUS_MOVE = YES;
				CLANG_WARN_UNGUARDED_AVAILABILITY = YES_AGGRESSIVE;
				CLANG_WARN_UNREACHABLE_CODE = YES;
				CLANG_WARN__DUPLICATE_METHOD_MATCH = YES;
				COPY_PHASE_STRIP = NO;
				DEBUG_INFORMATION_FORMAT = "dwarf-with-dsym";
				ENABLE_NS_ASSERTIONS = NO;
				ENABLE_STRICT_OBJC_MSGSEND = YES;
				GCC_C_LANGUAGE_STANDARD = gnu11;
				GCC_NO_COMMON_BLOCKS = YES;
				GCC_WARN_64_TO_32_BIT_CONVERSION = YES;
				GCC_WARN_ABOUT_RETURN_TYPE = YES_ERROR;
				GCC_WARN_UNDECLARED_SELECTOR = YES;
				GCC_WARN_UNINITIALIZED_AUTOS = YES_AGGRESSIVE;
				GCC_WARN_UNUSED_FUNCTION = YES;
				GCC_WARN_UNUSED_VARIABLE = YES;
				IPHONEOS_DEPLOYMENT_TARGET = 15.5;
				MTL_ENABLE_DEBUG_INFO = NO;
				MTL_FAST_MATH = YES;
				SDKROOT = iphoneos;
				SWIFT_COMPILATION_MODE = wholemodule;
				SWIFT_OPTIMIZATION_LEVEL = "-O";
				VALIDATE_PRODUCT = YES;
			};
			name = Release;
		};
		F606B110287490CA0044E8ED /* Debug */ = {
			isa = XCBuildConfiguration;
			buildSettings = {
				ASSETCATALOG_COMPILER_APPICON_NAME = AppIcon;
				ASSETCATALOG_COMPILER_GLOBAL_ACCENT_COLOR_NAME = AccentColor;
				CODE_SIGN_STYLE = Automatic;
				CURRENT_PROJECT_VERSION = 1;
				DEVELOPMENT_TEAM = C39BYRTABZ;
				GENERATE_INFOPLIST_FILE = YES;
				INFOPLIST_FILE = CloneCoding_Starbucks/Info.plist;
				INFOPLIST_KEY_UIApplicationSupportsIndirectInputEvents = YES;
				INFOPLIST_KEY_UILaunchStoryboardName = LaunchScreen;
				INFOPLIST_KEY_UIMainStoryboardFile = Main;
				INFOPLIST_KEY_UISupportedInterfaceOrientations_iPad = "UIInterfaceOrientationPortrait UIInterfaceOrientationPortraitUpsideDown UIInterfaceOrientationLandscapeLeft UIInterfaceOrientationLandscapeRight";
				INFOPLIST_KEY_UISupportedInterfaceOrientations_iPhone = "UIInterfaceOrientationPortrait UIInterfaceOrientationLandscapeLeft UIInterfaceOrientationLandscapeRight";
				LD_RUNPATH_SEARCH_PATHS = (
					"$(inherited)",
					"@executable_path/Frameworks",
				);
				MARKETING_VERSION = 1.0;
				PRODUCT_BUNDLE_IDENTIFIER = "com.hanle.CloneCoding-Starbucks";
				PRODUCT_NAME = "$(TARGET_NAME)";
				SWIFT_EMIT_LOC_STRINGS = YES;
				SWIFT_VERSION = 5.0;
				TARGETED_DEVICE_FAMILY = "1,2";
			};
			name = Debug;
		};
		F606B111287490CA0044E8ED /* Release */ = {
			isa = XCBuildConfiguration;
			buildSettings = {
				ASSETCATALOG_COMPILER_APPICON_NAME = AppIcon;
				ASSETCATALOG_COMPILER_GLOBAL_ACCENT_COLOR_NAME = AccentColor;
				CODE_SIGN_STYLE = Automatic;
				CURRENT_PROJECT_VERSION = 1;
				DEVELOPMENT_TEAM = C39BYRTABZ;
				GENERATE_INFOPLIST_FILE = YES;
				INFOPLIST_FILE = CloneCoding_Starbucks/Info.plist;
				INFOPLIST_KEY_UIApplicationSupportsIndirectInputEvents = YES;
				INFOPLIST_KEY_UILaunchStoryboardName = LaunchScreen;
				INFOPLIST_KEY_UIMainStoryboardFile = Main;
				INFOPLIST_KEY_UISupportedInterfaceOrientations_iPad = "UIInterfaceOrientationPortrait UIInterfaceOrientationPortraitUpsideDown UIInterfaceOrientationLandscapeLeft UIInterfaceOrientationLandscapeRight";
				INFOPLIST_KEY_UISupportedInterfaceOrientations_iPhone = "UIInterfaceOrientationPortrait UIInterfaceOrientationLandscapeLeft UIInterfaceOrientationLandscapeRight";
				LD_RUNPATH_SEARCH_PATHS = (
					"$(inherited)",
					"@executable_path/Frameworks",
				);
				MARKETING_VERSION = 1.0;
				PRODUCT_BUNDLE_IDENTIFIER = "com.hanle.CloneCoding-Starbucks";
				PRODUCT_NAME = "$(TARGET_NAME)";
				SWIFT_EMIT_LOC_STRINGS = YES;
				SWIFT_VERSION = 5.0;
				TARGETED_DEVICE_FAMILY = "1,2";
			};
			name = Release;
		};
/* End XCBuildConfiguration section */

/* Begin XCConfigurationList section */
		F606B0F6287490C60044E8ED /* Build configuration list for PBXProject "CloneCoding_Starbucks" */ = {
			isa = XCConfigurationList;
			buildConfigurations = (
				F606B10D287490CA0044E8ED /* Debug */,
				F606B10E287490CA0044E8ED /* Release */,
			);
			defaultConfigurationIsVisible = 0;
			defaultConfigurationName = Release;
		};
		F606B10F287490CA0044E8ED /* Build configuration list for PBXNativeTarget "CloneCoding_Starbucks" */ = {
			isa = XCConfigurationList;
			buildConfigurations = (
				F606B110287490CA0044E8ED /* Debug */,
				F606B111287490CA0044E8ED /* Release */,
			);
			defaultConfigurationIsVisible = 0;
			defaultConfigurationName = Release;
		};
/* End XCConfigurationList section */
	};
	rootObject = F606B0F3287490C60044E8ED /* Project object */;
}
